// !$*UTF8*$!
{
	archiveVersion = 1;
	classes = {
	};
	objectVersion = 46;
	objects = {

/* Begin PBXBuildFile section */
		B364B4981EF9950200E691AB /* main.m in Sources */ = {isa = PBXBuildFile; fileRef = B364B4971EF9950200E691AB /* main.m */; };
		B364B49B1EF9950200E691AB /* AppDelegate.m in Sources */ = {isa = PBXBuildFile; fileRef = B364B49A1EF9950200E691AB /* AppDelegate.m */; };
		B364B49E1EF9950200E691AB /* ViewController.m in Sources */ = {isa = PBXBuildFile; fileRef = B364B49D1EF9950200E691AB /* ViewController.m */; };
		B364B4A11EF9950200E691AB /* Main.storyboard in Resources */ = {isa = PBXBuildFile; fileRef = B364B49F1EF9950200E691AB /* Main.storyboard */; };
		B364B4A31EF9950200E691AB /* Assets.xcassets in Resources */ = {isa = PBXBuildFile; fileRef = B364B4A21EF9950200E691AB /* Assets.xcassets */; };
		B364B4A61EF9950200E691AB /* LaunchScreen.storyboard in Resources */ = {isa = PBXBuildFile; fileRef = B364B4A41EF9950200E691AB /* LaunchScreen.storyboard */; };
		B364B4AF1EF9957000E691AB /* Person.m in Sources */ = {isa = PBXBuildFile; fileRef = B364B4AE1EF9957000E691AB /* Person.m */; };
		B3E2D70E1EFC2EC900098522 /* Person+MoreEatFeature.m in Sources */ = {isa = PBXBuildFile; fileRef = B3E2D70D1EFC2EC900098522 /* Person+MoreEatFeature.m */; };
/* End PBXBuildFile section */

/* Begin PBXFileReference section */
		B364B4931EF9950200E691AB /* RuntimeTest.app */ = {isa = PBXFileReference; explicitFileType = wrapper.application; includeInIndex = 0; path = RuntimeTest.app; sourceTree = BUILT_PRODUCTS_DIR; };
		B364B4971EF9950200E691AB /* main.m */ = {isa = PBXFileReference; lastKnownFileType = sourcecode.c.objc; path = main.m; sourceTree = "<group>"; };
		B364B4991EF9950200E691AB /* AppDelegate.h */ = {isa = PBXFileReference; lastKnownFileType = sourcecode.c.h; path = AppDelegate.h; sourceTree = "<group>"; };
		B364B49A1EF9950200E691AB /* AppDelegate.m */ = {isa = PBXFileReference; lastKnownFileType = sourcecode.c.objc; path = AppDelegate.m; sourceTree = "<group>"; };
		B364B49C1EF9950200E691AB /* ViewController.h */ = {isa = PBXFileReference; lastKnownFileType = sourcecode.c.h; path = ViewController.h; sourceTree = "<group>"; };
		B364B49D1EF9950200E691AB /* ViewController.m */ = {isa = PBXFileReference; lastKnownFileType = sourcecode.c.objc; path = ViewController.m; sourceTree = "<group>"; };
		B364B4A01EF9950200E691AB /* Base */ = {isa = PBXFileReference; lastKnownFileType = file.storyboard; name = Base; path = Base.lproj/Main.storyboard; sourceTree = "<group>"; };
		B364B4A21EF9950200E691AB /* Assets.xcassets */ = {isa = PBXFileReference; lastKnownFileType = folder.assetcatalog; path = Assets.xcassets; sourceTree = "<group>"; };
		B364B4A51EF9950200E691AB /* Base */ = {isa = PBXFileReference; lastKnownFileType = file.storyboard; name = Base; path = Base.lproj/LaunchScreen.storyboard; sourceTree = "<group>"; };
		B364B4A71EF9950200E691AB /* Info.plist */ = {isa = PBXFileReference; lastKnownFileType = text.plist.xml; path = Info.plist; sourceTree = "<group>"; };
		B364B4AD1EF9957000E691AB /* Person.h */ = {isa = PBXFileReference; fileEncoding = 4; lastKnownFileType = sourcecode.c.h; path = Person.h; sourceTree = "<group>"; };
		B364B4AE1EF9957000E691AB /* Person.m */ = {isa = PBXFileReference; fileEncoding = 4; lastKnownFileType = sourcecode.c.objc; path = Person.m; sourceTree = "<group>"; };
		B3E2D70C1EFC2EC900098522 /* Person+MoreEatFeature.h */ = {isa = PBXFileReference; fileEncoding = 4; lastKnownFileType = sourcecode.c.h; path = "Person+MoreEatFeature.h"; sourceTree = "<group>"; };
		B3E2D70D1EFC2EC900098522 /* Person+MoreEatFeature.m */ = {isa = PBXFileReference; fileEncoding = 4; lastKnownFileType = sourcecode.c.objc; path = "Person+MoreEatFeature.m"; sourceTree = "<group>"; };
/* End PBXFileReference section */

/* Begin PBXFrameworksBuildPhase section */
		B364B4901EF9950200E691AB /* Frameworks */ = {
			isa = PBXFrameworksBuildPhase;
			buildActionMask = 2147483647;
			files = (
			);
			runOnlyForDeploymentPostprocessing = 0;
		};
/* End PBXFrameworksBuildPhase section */

/* Begin PBXGroup section */
		B364B48A1EF9950200E691AB = {
			isa = PBXGroup;
			children = (
				B364B4951EF9950200E691AB /* RuntimeTest */,
				B364B4941EF9950200E691AB /* Products */,
			);
			sourceTree = "<group>";
		};
		B364B4941EF9950200E691AB /* Products */ = {
			isa = PBXGroup;
			children = (
				B364B4931EF9950200E691AB /* RuntimeTest.app */,
			);
			name = Products;
			sourceTree = "<group>";
		};
		B364B4951EF9950200E691AB /* RuntimeTest */ = {
			isa = PBXGroup;
			children = (
				B364B4991EF9950200E691AB /* AppDelegate.h */,
				B364B49A1EF9950200E691AB /* AppDelegate.m */,
				B364B49C1EF9950200E691AB /* ViewController.h */,
				B364B49D1EF9950200E691AB /* ViewController.m */,
				B364B4AD1EF9957000E691AB /* Person.h */,
				B364B4AE1EF9957000E691AB /* Person.m */,
				B3E2D70C1EFC2EC900098522 /* Person+MoreEatFeature.h */,
				B3E2D70D1EFC2EC900098522 /* Person+MoreEatFeature.m */,
				B364B49F1EF9950200E691AB /* Main.storyboard */,
				B364B4A21EF9950200E691AB /* Assets.xcassets */,
				B364B4A41EF9950200E691AB /* LaunchScreen.storyboard */,
				B364B4A71EF9950200E691AB /* Info.plist */,
				B364B4961EF9950200E691AB /* Supporting Files */,
			);
			path = RuntimeTest;
			sourceTree = "<group>";
		};
		B364B4961EF9950200E691AB /* Supporting Files */ = {
			isa = PBXGroup;
			children = (
				B364B4971EF9950200E691AB /* main.m */,
			);
			name = "Supporting Files";
			sourceTree = "<group>";
		};
/* End PBXGroup section */

/* Begin PBXNativeTarget section */
		B364B4921EF9950200E691AB /* RuntimeTest */ = {
			isa = PBXNativeTarget;
			buildConfigurationList = B364B4AA1EF9950200E691AB /* Build configuration list for PBXNativeTarget "RuntimeTest" */;
			buildPhases = (
				B364B48F1EF9950200E691AB /* Sources */,
				B364B4901EF9950200E691AB /* Frameworks */,
				B364B4911EF9950200E691AB /* Resources */,
			);
			buildRules = (
			);
			dependencies = (
			);
			name = RuntimeTest;
			productName = RuntimeTest;
			productReference = B364B4931EF9950200E691AB /* RuntimeTest.app */;
			productType = "com.apple.product-type.application";
		};
/* End PBXNativeTarget section */

/* Begin PBXProject section */
		B364B48B1EF9950200E691AB /* Project object */ = {
			isa = PBXProject;
			attributes = {
				LastUpgradeCheck = 0830;
				ORGANIZATIONNAME = "Huiyuan Ren";
				TargetAttributes = {
					B364B4921EF9950200E691AB = {
						CreatedOnToolsVersion = 8.3.3;
						DevelopmentTeam = 5AR3VST9S9;
						ProvisioningStyle = Automatic;
					};
				};
			};
			buildConfigurationList = B364B48E1EF9950200E691AB /* Build configuration list for PBXProject "RuntimeTest" */;
			compatibilityVersion = "Xcode 3.2";
			developmentRegion = English;
			hasScannedForEncodings = 0;
			knownRegions = (
				en,
				Base,
			);
			mainGroup = B364B48A1EF9950200E691AB;
			productRefGroup = B364B4941EF9950200E691AB /* Products */;
			projectDirPath = "";
			projectRoot = "";
			targets = (
				B364B4921EF9950200E691AB /* RuntimeTest */,
			);
		};
/* End PBXProject section */

/* Begin PBXResourcesBuildPhase section */
		B364B4911EF9950200E691AB /* Resources */ = {
			isa = PBXResourcesBuildPhase;
			buildActionMask = 2147483647;
			files = (
				B364B4A61EF9950200E691AB /* LaunchScreen.storyboard in Resources */,
				B364B4A31EF9950200E691AB /* Assets.xcassets in Resources */,
				B364B4A11EF9950200E691AB /* Main.storyboard in Resources */,
			);
			runOnlyForDeploymentPostprocessing = 0;
		};
/* End PBXResourcesBuildPhase section */

/* Begin PBXSourcesBuildPhase section */
		B364B48F1EF9950200E691AB /* Sources */ = {
			isa = PBXSourcesBuildPhase;
			buildActionMask = 2147483647;
			files = (
				B364B49E1EF9950200E691AB /* ViewController.m in Sources */,
				B364B49B1EF9950200E691AB /* AppDelegate.m in Sources */,
				B364B4AF1EF9957000E691AB /* Person.m in Sources */,
				B3E2D70E1EFC2EC900098522 /* Person+MoreEatFeature.m in Sources */,
				B364B4981EF9950200E691AB /* main.m in Sources */,
			);
			runOnlyForDeploymentPostprocessing = 0;
		};
/* End PBXSourcesBuildPhase section */

/* Begin PBXVariantGroup section */
		B364B49F1EF9950200E691AB /* Main.storyboard */ = {
			isa = PBXVariantGroup;
			children = (
				B364B4A01EF9950200E691AB /* Base */,
			);
			name = Main.storyboard;
			sourceTree = "<group>";
		};
		B364B4A41EF9950200E691AB /* LaunchScreen.storyboard */ = {
			isa = PBXVariantGroup;
			children = (
				B364B4A51EF9950200E691AB /* Base */,
			);
			name = LaunchScreen.storyboard;
			sourceTree = "<group>";
		};
/* End PBXVariantGroup section */

/* Begin XCBuildConfiguration section */
		B364B4A81EF9950200E691AB /* Debug */ = {
			isa = XCBuildConfiguration;
			buildSettings = {
				ALWAYS_SEARCH_USER_PATHS = NO;
				CLANG_ANALYZER_NONNULL = YES;
				CLANG_ANALYZER_NUMBER_OBJECT_CONVERSION = YES_AGGRESSIVE;
				CLANG_CXX_LANGUAGE_STANDARD = "gnu++0x";
				CLANG_CXX_LIBRARY = "libc++";
				CLANG_ENABLE_MODULES = YES;
				CLANG_ENABLE_OBJC_ARC = YES;
				CLANG_WARN_BOOL_CONVERSION = YES;
				CLANG_WARN_CONSTANT_CONVERSION = YES;
				CLANG_WARN_DIRECT_OBJC_ISA_USAGE = YES_ERROR;
				CLANG_WARN_DOCUMENTATION_COMMENTS = YES;
				CLANG_WARN_EMPTY_BODY = YES;
				CLANG_WARN_ENUM_CONVERSION = YES;
				CLANG_WARN_INFINITE_RECURSION = YES;
				CLANG_WARN_INT_CONVERSION = YES;
				CLANG_WARN_OBJC_ROOT_CLASS = YES_ERROR;
				CLANG_WARN_SUSPICIOUS_MOVE = YES;
				CLANG_WARN_UNREACHABLE_CODE = YES;
				CLANG_WARN__DUPLICATE_METHOD_MATCH = YES;
				"CODE_SIGN_IDENTITY[sdk=iphoneos*]" = "iPhone Developer";
				COPY_PHASE_STRIP = NO;
				DEBUG_INFORMATION_FORMAT = dwarf;
				ENABLE_STRICT_OBJC_MSGSEND = YES;
				ENABLE_TESTABILITY = YES;
				GCC_C_LANGUAGE_STANDARD = gnu99;
				GCC_DYNAMIC_NO_PIC = NO;
				GCC_NO_COMMON_BLOCKS = YES;
				GCC_OPTIMIZATION_LEVEL = 0;
				GCC_PREPROCESSOR_DEFINITIONS = (
					"DEBUG=1",
					"$(inherited)",
				);
				GCC_WARN_64_TO_32_BIT_CONVERSION = YES;
				GCC_WARN_ABOUT_RETURN_TYPE = YES_ERROR;
				GCC_WARN_UNDECLARED_SELECTOR = YES;
				GCC_WARN_UNINITIALIZED_AUTOS = YES_AGGRESSIVE;
				GCC_WARN_UNUSED_FUNCTION = YES;
				GCC_WARN_UNUSED_VARIABLE = YES;
				IPHONEOS_DEPLOYMENT_TARGET = 10.3;
				MTL_ENABLE_DEBUG_INFO = YES;
				ONLY_ACTIVE_ARCH = YES;
				SDKROOT = iphoneos;
				TARGETED_DEVICE_FAMILY = "1,2";
			};
			name = Debug;
		};
		B364B4A91EF9950200E691AB /* Release */ = {
			isa = XCBuildConfiguration;
			buildSettings = {
				ALWAYS_SEARCH_USER_PATHS = NO;
				CLANG_ANALYZER_NONNULL = YES;
				CLANG_ANALYZER_NUMBER_OBJECT_CONVERSION = YES_AGGRESSIVE;
				CLANG_CXX_LANGUAGE_STANDARD = "gnu++0x";
				CLANG_CXX_LIBRARY = "libc++";
				CLANG_ENABLE_MODULES = YES;
				CLANG_ENABLE_OBJC_ARC = YES;
				CLANG_WARN_BOOL_CONVERSION = YES;
				CLANG_WARN_CONSTANT_CONVERSION = YES;
				CLANG_WARN_DIRECT_OBJC_ISA_USAGE = YES_ERROR;
				CLANG_WARN_DOCUMENTATION_COMMENTS = YES;
				CLANG_WARN_EMPTY_BODY = YES;
				CLANG_WARN_ENUM_CONVERSION = YES;
				CLANG_WARN_INFINITE_RECURSION = YES;
				CLANG_WARN_INT_CONVERSION = YES;
				CLANG_WARN_OBJC_ROOT_CLASS = YES_ERROR;
				CLANG_WARN_SUSPICIOUS_MOVE = YES;
				CLANG_WARN_UNREACHABLE_CODE = YES;
				CLANG_WARN__DUPLICATE_METHOD_MATCH = YES;
				"CODE_SIGN_IDENTITY[sdk=iphoneos*]" = "iPhone Developer";
				COPY_PHASE_STRIP = NO;
				DEBUG_INFORMATION_FORMAT = "dwarf-with-dsym";
				ENABLE_NS_ASSERTIONS = NO;
				ENABLE_STRICT_OBJC_MSGSEND = YES;
				GCC_C_LANGUAGE_STANDARD = gnu99;
				GCC_NO_COMMON_BLOCKS = YES;
				GCC_WARN_64_TO_32_BIT_CONVERSION = YES;
				GCC_WARN_ABOUT_RETURN_TYPE = YES_ERROR;
				GCC_WARN_UNDECLARED_SELECTOR = YES;
				GCC_WARN_UNINITIALIZED_AUTOS = YES_AGGRESSIVE;
				GCC_WARN_UNUSED_FUNCTION = YES;
				GCC_WARN_UNUSED_VARIABLE = YES;
				IPHONEOS_DEPLOYMENT_TARGET = 10.3;
				MTL_ENABLE_DEBUG_INFO = NO;
				SDKROOT = iphoneos;
				TARGETED_DEVICE_FAMILY = "1,2";
				VALIDATE_PRODUCT = YES;
			};
			name = Release;
		};
		B364B4AB1EF9950200E691AB /* Debug */ = {
			isa = XCBuildConfiguration;
			buildSettings = {
				ASSETCATALOG_COMPILER_APPICON_NAME = AppIcon;
				DEVELOPMENT_TEAM = 5AR3VST9S9;
				INFOPLIST_FILE = RuntimeTest/Info.plist;
				LD_RUNPATH_SEARCH_PATHS = "$(inherited) @executable_path/Frameworks";
				PRODUCT_BUNDLE_IDENTIFIER = ren.RuntimeTest;
				PRODUCT_NAME = "$(TARGET_NAME)";
			};
			name = Debug;
		};
		B364B4AC1EF9950200E691AB /* Release */ = {
			isa = XCBuildConfiguration;
			buildSettings = {
				ASSETCATALOG_COMPILER_APPICON_NAME = AppIcon;
				DEVELOPMENT_TEAM = 5AR3VST9S9;
				INFOPLIST_FILE = RuntimeTest/Info.plist;
				LD_RUNPATH_SEARCH_PATHS = "$(inherited) @executable_path/Frameworks";
				PRODUCT_BUNDLE_IDENTIFIER = ren.RuntimeTest;
				PRODUCT_NAME = "$(TARGET_NAME)";
			};
			name = Release;
		};
/* End XCBuildConfiguration section */

/* Begin XCConfigurationList section */
		B364B48E1EF9950200E691AB /* Build configuration list for PBXProject "RuntimeTest" */ = {
			isa = XCConfigurationList;
			buildConfigurations = (
				B364B4A81EF9950200E691AB /* Debug */,
				B364B4A91EF9950200E691AB /* Release */,
			);
			defaultConfigurationIsVisible = 0;
			defaultConfigurationName = Release;
		};
		B364B4AA1EF9950200E691AB /* Build configuration list for PBXNativeTarget "RuntimeTest" */ = {
			isa = XCConfigurationList;
			buildConfigurations = (
				B364B4AB1EF9950200E691AB /* Debug */,
				B364B4AC1EF9950200E691AB /* Release */,
			);
			defaultConfigurationIsVisible = 0;
			defaultConfigurationName = Release;
		};
/* End XCConfigurationList section */
	};
	rootObject = B364B48B1EF9950200E691AB /* Project object */;
}
